{
  "version": 4,
  "terraform_version": "1.12.2",
  "serial": 1,
  "lineage": "e6371720-e527-b99c-207f-f52663c4b3ea",
  "outputs": {},
  "resources": [
    {
      "mode": "managed",
      "type": "random_string",
      "name": "token",
      "provider": "provider[\"registry.terraform.io/hashicorp/random\"]",
      "instances": [
        {
          "schema_version": 1,
          "attributes": {
            "id": "FOyIszxi",
            "keepers": null,
            "length": 8,
            "lower": true,
            "min_lower": 0,
            "min_numeric": 0,
            "min_special": 0,
            "min_upper": 0,
            "number": true,
            "override_special": null,
            "result": "FOyIszxi",
            "special": false,
            "upper": true
          },
          "sensitive_attributes": [],
          "identity_schema_version": 0,
          "private": "eyJzY2hlbWFfdmVyc2lvbiI6IjEifQ=="
        }
      ]
    }
  ],
  "check_results": null
}
