{
  "version": 4,
  "terraform_version": "1.12.2",
  "serial": 4,
  "lineage": "77142a57-fc8b-d58b-69fa-f6e7ce49c2a9",
  "outputs": {},
  "resources": [
    {
      "mode": "managed",
      "type": "local_file",
      "name": "city_file",
      "provider": "provider[\"registry.terraform.io/hashicorp/local\"]",
      "instances": [
        {
          "index_key": 0,
          "schema_version": 0,
          "attributes": {
            "content": "City name: Mumbai",
            "content_base64": null,
            "content_base64sha256": "L8IYtujyv4YWDnZkP8xWZNvVPlhdhbdkJuYZi4xhUDk=",
            "content_base64sha512": "x4TzHhMo/V50G2OXXXFAZ/I+Z6DaIjiR0NIM4piqwkcENLQ7bC02eZYrXCVREbnwWY0LWtE+LU4a68jV+qOonA==",
            "content_md5": "2dddbf5081dcffa4f3174d40c6f21e7d",
            "content_sha1": "752567c799c22689a40a771985c78d8fbeb7563f",
            "content_sha256": "2fc218b6e8f2bf86160e76643fcc5664dbd53e585d85b76426e6198b8c615039",
            "content_sha512": "c784f31e1328fd5e741b63975d714067f23e67a0da223891d0d20ce298aac2470434b43b6c2d3679962b5c255111b9f0598d0b5ad13e2d4e1aebc8d5faa3a89c",
            "directory_permission": "0777",
            "file_permission": "0777",
            "filename": "./Mumbai.txt",
            "id": "752567c799c22689a40a771985c78d8fbeb7563f",
            "sensitive_content": null,
            "source": null
          },
          "sensitive_attributes": [
            [
              {
                "type": "get_attr",
                "value": "sensitive_content"
              }
            ]
          ],
          "identity_schema_version": 0
        },
        {
          "index_key": 1,
          "schema_version": 0,
          "attributes": {
            "content": "City name: Bangalore",
            "content_base64": null,
            "content_base64sha256": "GC3vS95w/+dWjJHE/KZz73Y6Qbi1FP3N5N/K5E4UBjM=",
            "content_base64sha512": "6awl5zW+hI2W8D+qcW44b80tnrxJvS38uXzdUm2G/ptElQeHc46Op6DEpOT4j6btg4/+j3vi/UvkQIciSoamlw==",
            "content_md5": "abbf94f60e06e03ac0a835d4bac62cf6",
            "content_sha1": "c462034e5160e438a25b47e633cc5aee90c74c9c",
            "content_sha256": "182def4bde70ffe7568c91c4fca673ef763a41b8b514fdcde4dfcae44e140633",
            "content_sha512": "e9ac25e735be848d96f03faa716e386fcd2d9ebc49bd2dfcb97cdd526d86fe9b44950787738e8ea7a0c4a4e4f88fa6ed838ffe8f7be2fd4be44087224a86a697",
            "directory_permission": "0777",
            "file_permission": "0777",
            "filename": "./Bangalore.txt",
            "id": "c462034e5160e438a25b47e633cc5aee90c74c9c",
            "sensitive_content": null,
            "source": null
          },
          "sensitive_attributes": [
            [
              {
                "type": "get_attr",
                "value": "sensitive_content"
              }
            ]
          ],
          "identity_schema_version": 0
        },
        {
          "index_key": 2,
          "schema_version": 0,
          "attributes": {
            "content": "City name: Hyderabad",
            "content_base64": null,
            "content_base64sha256": "+e5D78Y7RnMULZJTG7pZMRXRbkuzR36xRfcJVPTcwV0=",
            "content_base64sha512": "w/Iq2meV7LQiB1TcdaaF7ZOTkeXTmBleMKf7hCWATFTH/ZuIflWntn7FhfceJ46r9eGzJn5o/cKWP7FI+LV19Q==",
            "content_md5": "5c7b0d50f7c562a609325f277031322a",
            "content_sha1": "4b307c442cc98dd2947a0be0a5af764641910a21",
            "content_sha256": "f9ee43efc63b4673142d92531bba593115d16e4bb3477eb145f70954f4dcc15d",
            "content_sha512": "c3f22ada6795ecb4220754dc75a685ed939391e5d398195e30a7fb8425804c54c7fd9b887e55a7b67ec585f71e278eabf5e1b3267e68fdc2963fb148f8b575f5",
            "directory_permission": "0777",
            "file_permission": "0777",
            "filename": "./Hyderabad.txt",
            "id": "4b307c442cc98dd2947a0be0a5af764641910a21",
            "sensitive_content": null,
            "source": null
          },
          "sensitive_attributes": [
            [
              {
                "type": "get_attr",
                "value": "sensitive_content"
              }
            ]
          ],
          "identity_schema_version": 0
        }
      ]
    }
  ],
  "check_results": null
}
