{
  "version": 4,
  "terraform_version": "1.12.2",
  "serial": 4,
  "lineage": "737be160-3336-3538-2432-3befdf20cd77",
  "outputs": {},
  "resources": [
    {
      "mode": "managed",
      "type": "local_file",
      "name": "fruit_file",
      "provider": "provider[\"registry.terraform.io/hashicorp/local\"]",
      "instances": [
        {
          "index_key": "apple",
          "schema_version": 0,
          "attributes": {
            "content": "The color of apple is red",
            "content_base64": null,
            "content_base64sha256": "Pus7rGAPmpD6Sr5ltZatah4HQ5st0raU1C9Ezu4zeuk=",
            "content_base64sha512": "ZqPI6ApLyDifwyoD1rPwzPdUgWkZFrFJMgvkZeP05+dI5kxzikRfVj3j5aeLFXwNiO/yggwYYclc4jWetJQPtA==",
            "content_md5": "5cfc1518c62bbf0abfc514c3b4e97d1c",
            "content_sha1": "69d8c84b744f3f2b414d98da8074454fe190b89b",
            "content_sha256": "3eeb3bac600f9a90fa4abe65b596ad6a1e07439b2dd2b694d42f44ceee337ae9",
            "content_sha512": "66a3c8e80a4bc8389fc32a03d6b3f0ccf75481691916b149320be465e3f4e7e748e64c738a445f563de3e5a78b157c0d88eff2820c1861c95ce2359eb4940fb4",
            "directory_permission": "0777",
            "file_permission": "0777",
            "filename": "./apple.txt",
            "id": "69d8c84b744f3f2b414d98da8074454fe190b89b",
            "sensitive_content": null,
            "source": null
          },
          "sensitive_attributes": [
            [
              {
                "type": "get_attr",
                "value": "sensitive_content"
              }
            ]
          ],
          "identity_schema_version": 0
        },
        {
          "index_key": "banana",
          "schema_version": 0,
          "attributes": {
            "content": "The color of banana is yellow",
            "content_base64": null,
            "content_base64sha256": "3TvAP/BmJ4OqL5P24J7Mrc/sujgqM/x5Id+6kxkg5Wc=",
            "content_base64sha512": "ZNn32fTy6CZUm6QexoTcnTp/RHLNHAh6AxC8CvhuF5zZUQBb/2Kp4CsMZPDwYeh8Ik++pFNXqsk977FG1z0lVg==",
            "content_md5": "3c8666f2dec7b2949c3639127d8ade93",
            "content_sha1": "0acc1a53e136b8d9576c72643a7f760539eaf290",
            "content_sha256": "dd3bc03ff0662783aa2f93f6e09eccadcfecba382a33fc7921dfba931920e567",
            "content_sha512": "64d9f7d9f4f2e826549ba41ec684dc9d3a7f4472cd1c087a0310bc0af86e179cd951005bff62a9e02b0c64f0f061e87c224fbea45357aac93defb146d73d2556",
            "directory_permission": "0777",
            "file_permission": "0777",
            "filename": "./banana.txt",
            "id": "0acc1a53e136b8d9576c72643a7f760539eaf290",
            "sensitive_content": null,
            "source": null
          },
          "sensitive_attributes": [
            [
              {
                "type": "get_attr",
                "value": "sensitive_content"
              }
            ]
          ],
          "identity_schema_version": 0
        },
        {
          "index_key": "grape",
          "schema_version": 0,
          "attributes": {
            "content": "The color of grape is purple",
            "content_base64": null,
            "content_base64sha256": "G/q/2h56nXyTE9/KfAmW3SeF5F/1LUxaJ0DI2XmmOys=",
            "content_base64sha512": "gic7HVUlFMOS6LSnscr3U34hN8m5DPYRJtYxNccB09Ab1Ogq9UOwOLDRYCwaVubHBNys+NTMqQjDpLCu29w1sA==",
            "content_md5": "a54dfea2bdfb8bf1d0c333b223812f5c",
            "content_sha1": "16c9e09216c89cc6bf0b4819af0b36d298baedee",
            "content_sha256": "1bfabfda1e7a9d7c9313dfca7c0996dd2785e45ff52d4c5a2740c8d979a63b2b",
            "content_sha512": "82273b1d552514c392e8b4a7b1caf7537e2137c9b90cf61126d63135c701d3d01bd4e82af543b038b0d1602c1a56e6c704dcacf8d4cca908c3a4b0aedbdc35b0",
            "directory_permission": "0777",
            "file_permission": "0777",
            "filename": "./grape.txt",
            "id": "16c9e09216c89cc6bf0b4819af0b36d298baedee",
            "sensitive_content": null,
            "source": null
          },
          "sensitive_attributes": [
            [
              {
                "type": "get_attr",
                "value": "sensitive_content"
              }
            ]
          ],
          "identity_schema_version": 0
        }
      ]
    }
  ],
  "check_results": null
}
